
Microsoft Visual Studio Solution File, Format Version 12.00
# Visual Studio Version 17
VisualStudioVersion = 17.9.34728.123
MinimumVisualStudioVersion = 10.0.40219.1
Project("{FAE04EC0-301F-11D3-BF4B-00C04F79EFBC}") = "ProjetoMyTe.AppWeb", "ProjetoMyTe.AppWeb\ProjetoMyTe.AppWeb.csproj", "{37747277-BF19-4189-AD52-B06FF84D86D7}"
EndProject
Global
	GlobalSection(SolutionConfigurationPlatforms) = preSolution
		Debug|Any CPU = Debug|Any CPU
		Release|Any CPU = Release|Any CPU
	EndGlobalSection
	GlobalSection(ProjectConfigurationPlatforms) = postSolution
		{37747277-BF19-4189-AD52-B06FF84D86D7}.Debug|Any CPU.ActiveCfg = Debug|Any CPU
		{37747277-BF19-4189-AD52-B06FF84D86D7}.Debug|Any CPU.Build.0 = Debug|Any CPU
		{37747277-BF19-4189-AD52-B06FF84D86D7}.Release|Any CPU.ActiveCfg = Release|Any CPU
		{37747277-BF19-4189-AD52-B06FF84D86D7}.Release|Any CPU.Build.0 = Release|Any CPU
	EndGlobalSection
	GlobalSection(SolutionProperties) = preSolution
		HideSolutionNode = FALSE
	EndGlobalSection
	GlobalSection(ExtensibilityGlobals) = postSolution
		SolutionGuid = {9796F796-D1E2-4FEC-B5AA-9AFA2E057C3E}
	EndGlobalSection
EndGlobal
